
Microsoft Visual Studio Solution File, Format Version 12.00
# Visual Studio Version 16
VisualStudioVersion = 16.0.29613.14
MinimumVisualStudioVersion = 10.0.40219.1
Project("{FAE04EC0-301F-11D3-BF4B-00C04F79EFBC}") = "Leson 4 uzduotis 2", "Leson 4 uzduotis 2\Leson 4 uzduotis 2.csproj", "{B771FDC7-8985-400A-BEDF-A98686C8421B}"
EndProject
Global
	GlobalSection(SolutionConfigurationPlatforms) = preSolution
		Debug|Any CPU = Debug|Any CPU
		Release|Any CPU = Release|Any CPU
	EndGlobalSection
	GlobalSection(ProjectConfigurationPlatforms) = postSolution
		{B771FDC7-8985-400A-BEDF-A98686C8421B}.Debug|Any CPU.ActiveCfg = Debug|Any CPU
		{B771FDC7-8985-400A-BEDF-A98686C8421B}.Debug|Any CPU.Build.0 = Debug|Any CPU
		{B771FDC7-8985-400A-BEDF-A98686C8421B}.Release|Any CPU.ActiveCfg = Release|Any CPU
		{B771FDC7-8985-400A-BEDF-A98686C8421B}.Release|Any CPU.Build.0 = Release|Any CPU
	EndGlobalSection
	GlobalSection(SolutionProperties) = preSolution
		HideSolutionNode = FALSE
	EndGlobalSection
	GlobalSection(ExtensibilityGlobals) = postSolution
		SolutionGuid = {8492E688-2B5C-471F-A909-8EBB9C6F3180}
	EndGlobalSection
EndGlobal
