
Microsoft Visual Studio Solution File, Format Version 12.00
# Visual Studio Version 16
VisualStudioVersion = 16.0.29613.14
MinimumVisualStudioVersion = 10.0.40219.1
Project("{FAE04EC0-301F-11D3-BF4B-00C04F79EFBC}") = "Leson 4 masyvai 3", "Leson 4 masyvai 3\Leson 4 masyvai 3.csproj", "{82E66308-14E6-4672-84C0-90ED5932611B}"
EndProject
Global
	GlobalSection(SolutionConfigurationPlatforms) = preSolution
		Debug|Any CPU = Debug|Any CPU
		Release|Any CPU = Release|Any CPU
	EndGlobalSection
	GlobalSection(ProjectConfigurationPlatforms) = postSolution
		{82E66308-14E6-4672-84C0-90ED5932611B}.Debug|Any CPU.ActiveCfg = Debug|Any CPU
		{82E66308-14E6-4672-84C0-90ED5932611B}.Debug|Any CPU.Build.0 = Debug|Any CPU
		{82E66308-14E6-4672-84C0-90ED5932611B}.Release|Any CPU.ActiveCfg = Release|Any CPU
		{82E66308-14E6-4672-84C0-90ED5932611B}.Release|Any CPU.Build.0 = Release|Any CPU
	EndGlobalSection
	GlobalSection(SolutionProperties) = preSolution
		HideSolutionNode = FALSE
	EndGlobalSection
	GlobalSection(ExtensibilityGlobals) = postSolution
		SolutionGuid = {41A4D295-B251-4C9C-88FB-EFE01BFF0B32}
	EndGlobalSection
EndGlobal
