
Microsoft Visual Studio Solution File, Format Version 12.00
# Visual Studio Version 16
VisualStudioVersion = 16.0.29613.14
MinimumVisualStudioVersion = 10.0.40219.1
Project("{FAE04EC0-301F-11D3-BF4B-00C04F79EFBC}") = "Leson 4 masyvai 2", "Leson 4 masyvai 2\Leson 4 masyvai 2.csproj", "{CDBC6869-AF10-4BB6-90FE-80F9908CE138}"
EndProject
Global
	GlobalSection(SolutionConfigurationPlatforms) = preSolution
		Debug|Any CPU = Debug|Any CPU
		Release|Any CPU = Release|Any CPU
	EndGlobalSection
	GlobalSection(ProjectConfigurationPlatforms) = postSolution
		{CDBC6869-AF10-4BB6-90FE-80F9908CE138}.Debug|Any CPU.ActiveCfg = Debug|Any CPU
		{CDBC6869-AF10-4BB6-90FE-80F9908CE138}.Debug|Any CPU.Build.0 = Debug|Any CPU
		{CDBC6869-AF10-4BB6-90FE-80F9908CE138}.Release|Any CPU.ActiveCfg = Release|Any CPU
		{CDBC6869-AF10-4BB6-90FE-80F9908CE138}.Release|Any CPU.Build.0 = Release|Any CPU
	EndGlobalSection
	GlobalSection(SolutionProperties) = preSolution
		HideSolutionNode = FALSE
	EndGlobalSection
	GlobalSection(ExtensibilityGlobals) = postSolution
		SolutionGuid = {FF6D659E-D2BF-42D7-B09F-290B45124581}
	EndGlobalSection
EndGlobal
