
Microsoft Visual Studio Solution File, Format Version 12.00
# Visual Studio Version 16
VisualStudioVersion = 16.0.29613.14
MinimumVisualStudioVersion = 10.0.40219.1
Project("{FAE04EC0-301F-11D3-BF4B-00C04F79EFBC}") = "Leson 4 uzduotis 1", "Leson 4 uzduotis 1\Leson 4 uzduotis 1.csproj", "{2AD53F32-DAE5-4971-9AE8-506D6112B72C}"
EndProject
Global
	GlobalSection(SolutionConfigurationPlatforms) = preSolution
		Debug|Any CPU = Debug|Any CPU
		Release|Any CPU = Release|Any CPU
	EndGlobalSection
	GlobalSection(ProjectConfigurationPlatforms) = postSolution
		{2AD53F32-DAE5-4971-9AE8-506D6112B72C}.Debug|Any CPU.ActiveCfg = Debug|Any CPU
		{2AD53F32-DAE5-4971-9AE8-506D6112B72C}.Debug|Any CPU.Build.0 = Debug|Any CPU
		{2AD53F32-DAE5-4971-9AE8-506D6112B72C}.Release|Any CPU.ActiveCfg = Release|Any CPU
		{2AD53F32-DAE5-4971-9AE8-506D6112B72C}.Release|Any CPU.Build.0 = Release|Any CPU
	EndGlobalSection
	GlobalSection(SolutionProperties) = preSolution
		HideSolutionNode = FALSE
	EndGlobalSection
	GlobalSection(ExtensibilityGlobals) = postSolution
		SolutionGuid = {928110DB-023A-44FC-B14B-E8F77531A7FC}
	EndGlobalSection
EndGlobal
